
Microsoft Visual Studio Solution File, Format Version 12.00
# Visual Studio 14
VisualStudioVersion = 14.0.25420.1
MinimumVisualStudioVersion = 10.0.40219.1
Project("{8BC9CEB8-8B4A-11D0-8D11-00A0C91BC942}") = "VariableExcercise", "VariableExcercise\VariableExcercise.vcxproj", "{96592C88-3B7F-4170-8A83-122A8FF0AB48}"
EndProject
Project("{8BC9CEB8-8B4A-11D0-8D11-00A0C91BC942}") = "Swapper", "Swapper\Swapper.vcxproj", "{A0E603A3-DC55-4116-9601-EA4C7C296E1B}"
EndProject
Project("{8BC9CEB8-8B4A-11D0-8D11-00A0C91BC942}") = "Number5", "Number5\Number5.vcxproj", "{CD8911DE-093E-42EF-BEFF-8DCD8A276016}"
EndProject
Project("{8BC9CEB8-8B4A-11D0-8D11-00A0C91BC942}") = "Numbers6And7", "Numbers6And7\Numbers6And7.vcxproj", "{1203928C-A8A1-4BF2-8625-E8DE344159A3}"
EndProject
Project("{8BC9CEB8-8B4A-11D0-8D11-00A0C91BC942}") = "ASCII", "ASCII\ASCII.vcxproj", "{A8C3E814-EA62-4A93-AFD9-60C0DA7C984B}"
EndProject
Global
	GlobalSection(SolutionConfigurationPlatforms) = preSolution
		Debug|x64 = Debug|x64
		Debug|x86 = Debug|x86
		Release|x64 = Release|x64
		Release|x86 = Release|x86
	EndGlobalSection
	GlobalSection(ProjectConfigurationPlatforms) = postSolution
		{96592C88-3B7F-4170-8A83-122A8FF0AB48}.Debug|x64.ActiveCfg = Debug|x64
		{96592C88-3B7F-4170-8A83-122A8FF0AB48}.Debug|x64.Build.0 = Debug|x64
		{96592C88-3B7F-4170-8A83-122A8FF0AB48}.Debug|x86.ActiveCfg = Debug|Win32
		{96592C88-3B7F-4170-8A83-122A8FF0AB48}.Debug|x86.Build.0 = Debug|Win32
		{96592C88-3B7F-4170-8A83-122A8FF0AB48}.Release|x64.ActiveCfg = Release|x64
		{96592C88-3B7F-4170-8A83-122A8FF0AB48}.Release|x64.Build.0 = Release|x64
		{96592C88-3B7F-4170-8A83-122A8FF0AB48}.Release|x86.ActiveCfg = Release|Win32
		{96592C88-3B7F-4170-8A83-122A8FF0AB48}.Release|x86.Build.0 = Release|Win32
		{A0E603A3-DC55-4116-9601-EA4C7C296E1B}.Debug|x64.ActiveCfg = Debug|x64
		{A0E603A3-DC55-4116-9601-EA4C7C296E1B}.Debug|x64.Build.0 = Debug|x64
		{A0E603A3-DC55-4116-9601-EA4C7C296E1B}.Debug|x86.ActiveCfg = Debug|Win32
		{A0E603A3-DC55-4116-9601-EA4C7C296E1B}.Debug|x86.Build.0 = Debug|Win32
		{A0E603A3-DC55-4116-9601-EA4C7C296E1B}.Release|x64.ActiveCfg = Release|x64
		{A0E603A3-DC55-4116-9601-EA4C7C296E1B}.Release|x64.Build.0 = Release|x64
		{A0E603A3-DC55-4116-9601-EA4C7C296E1B}.Release|x86.ActiveCfg = Release|Win32
		{A0E603A3-DC55-4116-9601-EA4C7C296E1B}.Release|x86.Build.0 = Release|Win32
		{CD8911DE-093E-42EF-BEFF-8DCD8A276016}.Debug|x64.ActiveCfg = Debug|x64
		{CD8911DE-093E-42EF-BEFF-8DCD8A276016}.Debug|x64.Build.0 = Debug|x64
		{CD8911DE-093E-42EF-BEFF-8DCD8A276016}.Debug|x86.ActiveCfg = Debug|Win32
		{CD8911DE-093E-42EF-BEFF-8DCD8A276016}.Debug|x86.Build.0 = Debug|Win32
		{CD8911DE-093E-42EF-BEFF-8DCD8A276016}.Release|x64.ActiveCfg = Release|x64
		{CD8911DE-093E-42EF-BEFF-8DCD8A276016}.Release|x64.Build.0 = Release|x64
		{CD8911DE-093E-42EF-BEFF-8DCD8A276016}.Release|x86.ActiveCfg = Release|Win32
		{CD8911DE-093E-42EF-BEFF-8DCD8A276016}.Release|x86.Build.0 = Release|Win32
		{1203928C-A8A1-4BF2-8625-E8DE344159A3}.Debug|x64.ActiveCfg = Debug|x64
		{1203928C-A8A1-4BF2-8625-E8DE344159A3}.Debug|x64.Build.0 = Debug|x64
		{1203928C-A8A1-4BF2-8625-E8DE344159A3}.Debug|x86.ActiveCfg = Debug|Win32
		{1203928C-A8A1-4BF2-8625-E8DE344159A3}.Debug|x86.Build.0 = Debug|Win32
		{1203928C-A8A1-4BF2-8625-E8DE344159A3}.Release|x64.ActiveCfg = Release|x64
		{1203928C-A8A1-4BF2-8625-E8DE344159A3}.Release|x64.Build.0 = Release|x64
		{1203928C-A8A1-4BF2-8625-E8DE344159A3}.Release|x86.ActiveCfg = Release|Win32
		{1203928C-A8A1-4BF2-8625-E8DE344159A3}.Release|x86.Build.0 = Release|Win32
		{A8C3E814-EA62-4A93-AFD9-60C0DA7C984B}.Debug|x64.ActiveCfg = Debug|x64
		{A8C3E814-EA62-4A93-AFD9-60C0DA7C984B}.Debug|x64.Build.0 = Debug|x64
		{A8C3E814-EA62-4A93-AFD9-60C0DA7C984B}.Debug|x86.ActiveCfg = Debug|Win32
		{A8C3E814-EA62-4A93-AFD9-60C0DA7C984B}.Debug|x86.Build.0 = Debug|Win32
		{A8C3E814-EA62-4A93-AFD9-60C0DA7C984B}.Release|x64.ActiveCfg = Release|x64
		{A8C3E814-EA62-4A93-AFD9-60C0DA7C984B}.Release|x64.Build.0 = Release|x64
		{A8C3E814-EA62-4A93-AFD9-60C0DA7C984B}.Release|x86.ActiveCfg = Release|Win32
		{A8C3E814-EA62-4A93-AFD9-60C0DA7C984B}.Release|x86.Build.0 = Release|Win32
	EndGlobalSection
	GlobalSection(SolutionProperties) = preSolution
		HideSolutionNode = FALSE
	EndGlobalSection
EndGlobal
